
Microsoft Visual Studio Solution File, Format Version 12.00
# Visual Studio 14
VisualStudioVersion = 14.0.23107.0
MinimumVisualStudioVersion = 10.0.40219.1
Project("{FAE04EC0-301F-11D3-BF4B-00C04F79EFBC}") = "WWStock.App", "WWStock.App\WWStock.App.csproj", "{E2141AC3-3B75-429F-8F04-53B93A148AA9}"
	ProjectSection(ProjectDependencies) = postProject
		{CD82D625-942D-4F25-B512-DF0D794E67E3} = {CD82D625-942D-4F25-B512-DF0D794E67E3}
		{9BD29962-0CA9-42F1-B68E-3495BE0419B6} = {9BD29962-0CA9-42F1-B68E-3495BE0419B6}
		{E9BE04A9-F5B4-47DF-965B-65EB635DA137} = {E9BE04A9-F5B4-47DF-965B-65EB635DA137}
		{93F9E9ED-5FA3-4462-8867-1DB039C31526} = {93F9E9ED-5FA3-4462-8867-1DB039C31526}
	EndProjectSection
EndProject
Project("{FAE04EC0-301F-11D3-BF4B-00C04F79EFBC}") = "WWStock.Core", "WWStock.Core\WWStock.Core.csproj", "{E9BE04A9-F5B4-47DF-965B-65EB635DA137}"
EndProject
Project("{FAE04EC0-301F-11D3-BF4B-00C04F79EFBC}") = "WWStock.Data", "WWStock.Data\WWStock.Data.csproj", "{CD82D625-942D-4F25-B512-DF0D794E67E3}"
	ProjectSection(ProjectDependencies) = postProject
		{E9BE04A9-F5B4-47DF-965B-65EB635DA137} = {E9BE04A9-F5B4-47DF-965B-65EB635DA137}
	EndProjectSection
EndProject
Project("{FAE04EC0-301F-11D3-BF4B-00C04F79EFBC}") = "WWStock.UI", "WWStock.UI\WWStock.UI.csproj", "{9BD29962-0CA9-42F1-B68E-3495BE0419B6}"
EndProject
Project("{FAE04EC0-301F-11D3-BF4B-00C04F79EFBC}") = "WWStock.Logic", "WWStock.Logic\WWStock.Logic.csproj", "{93F9E9ED-5FA3-4462-8867-1DB039C31526}"
	ProjectSection(ProjectDependencies) = postProject
		{E9BE04A9-F5B4-47DF-965B-65EB635DA137} = {E9BE04A9-F5B4-47DF-965B-65EB635DA137}
	EndProjectSection
EndProject
Global
	GlobalSection(SolutionConfigurationPlatforms) = preSolution
		Debug|Any CPU = Debug|Any CPU
		Release|Any CPU = Release|Any CPU
	EndGlobalSection
	GlobalSection(ProjectConfigurationPlatforms) = postSolution
		{E2141AC3-3B75-429F-8F04-53B93A148AA9}.Debug|Any CPU.ActiveCfg = Debug|Any CPU
		{E2141AC3-3B75-429F-8F04-53B93A148AA9}.Debug|Any CPU.Build.0 = Debug|Any CPU
		{E2141AC3-3B75-429F-8F04-53B93A148AA9}.Release|Any CPU.ActiveCfg = Release|Any CPU
		{E2141AC3-3B75-429F-8F04-53B93A148AA9}.Release|Any CPU.Build.0 = Release|Any CPU
		{E9BE04A9-F5B4-47DF-965B-65EB635DA137}.Debug|Any CPU.ActiveCfg = Debug|Any CPU
		{E9BE04A9-F5B4-47DF-965B-65EB635DA137}.Debug|Any CPU.Build.0 = Debug|Any CPU
		{E9BE04A9-F5B4-47DF-965B-65EB635DA137}.Release|Any CPU.ActiveCfg = Release|Any CPU
		{E9BE04A9-F5B4-47DF-965B-65EB635DA137}.Release|Any CPU.Build.0 = Release|Any CPU
		{CD82D625-942D-4F25-B512-DF0D794E67E3}.Debug|Any CPU.ActiveCfg = Debug|Any CPU
		{CD82D625-942D-4F25-B512-DF0D794E67E3}.Debug|Any CPU.Build.0 = Debug|Any CPU
		{CD82D625-942D-4F25-B512-DF0D794E67E3}.Release|Any CPU.ActiveCfg = Release|Any CPU
		{CD82D625-942D-4F25-B512-DF0D794E67E3}.Release|Any CPU.Build.0 = Release|Any CPU
		{9BD29962-0CA9-42F1-B68E-3495BE0419B6}.Debug|Any CPU.ActiveCfg = Debug|Any CPU
		{9BD29962-0CA9-42F1-B68E-3495BE0419B6}.Debug|Any CPU.Build.0 = Debug|Any CPU
		{9BD29962-0CA9-42F1-B68E-3495BE0419B6}.Release|Any CPU.ActiveCfg = Release|Any CPU
		{9BD29962-0CA9-42F1-B68E-3495BE0419B6}.Release|Any CPU.Build.0 = Release|Any CPU
		{93F9E9ED-5FA3-4462-8867-1DB039C31526}.Debug|Any CPU.ActiveCfg = Debug|Any CPU
		{93F9E9ED-5FA3-4462-8867-1DB039C31526}.Debug|Any CPU.Build.0 = Debug|Any CPU
		{93F9E9ED-5FA3-4462-8867-1DB039C31526}.Release|Any CPU.ActiveCfg = Release|Any CPU
		{93F9E9ED-5FA3-4462-8867-1DB039C31526}.Release|Any CPU.Build.0 = Release|Any CPU
	EndGlobalSection
	GlobalSection(SolutionProperties) = preSolution
		HideSolutionNode = FALSE
	EndGlobalSection
EndGlobal
